
Microsoft Visual Studio Solution File, Format Version 12.00
Project("{FAE04EC0-301F-11D3-BF4B-00C04F79EFBC}") = "Laboratorium1.Zadanie7.NET", "Laboratorium1.Zadanie7.NET\Laboratorium1.Zadanie7.NET.csproj", "{19330CF8-7C2C-4784-91BF-6A58E259EBE8}"
EndProject
Global
	GlobalSection(SolutionConfigurationPlatforms) = preSolution
		Debug|Any CPU = Debug|Any CPU
		Release|Any CPU = Release|Any CPU
	EndGlobalSection
	GlobalSection(ProjectConfigurationPlatforms) = postSolution
		{19330CF8-7C2C-4784-91BF-6A58E259EBE8}.Debug|Any CPU.ActiveCfg = Debug|Any CPU
		{19330CF8-7C2C-4784-91BF-6A58E259EBE8}.Debug|Any CPU.Build.0 = Debug|Any CPU
		{19330CF8-7C2C-4784-91BF-6A58E259EBE8}.Release|Any CPU.ActiveCfg = Release|Any CPU
		{19330CF8-7C2C-4784-91BF-6A58E259EBE8}.Release|Any CPU.Build.0 = Release|Any CPU
	EndGlobalSection
EndGlobal
